
Microsoft Visual Studio Solution File, Format Version 12.00
# Visual Studio Version 17
VisualStudioVersion = 17.10.35122.118
MinimumVisualStudioVersion = 10.0.40219.1
Project("{FAE04EC0-301F-11D3-BF4B-00C04F79EFBC}") = "cadastroClientes", "cadastroClientes.csproj", "{1CF2F4F5-609E-407F-AF7C-AEB1152C7A4B}"
EndProject
Global
	GlobalSection(SolutionConfigurationPlatforms) = preSolution
		Debug|Any CPU = Debug|Any CPU
		Release|Any CPU = Release|Any CPU
	EndGlobalSection
	GlobalSection(ProjectConfigurationPlatforms) = postSolution
		{1CF2F4F5-609E-407F-AF7C-AEB1152C7A4B}.Debug|Any CPU.ActiveCfg = Debug|Any CPU
		{1CF2F4F5-609E-407F-AF7C-AEB1152C7A4B}.Debug|Any CPU.Build.0 = Debug|Any CPU
		{1CF2F4F5-609E-407F-AF7C-AEB1152C7A4B}.Release|Any CPU.ActiveCfg = Release|Any CPU
		{1CF2F4F5-609E-407F-AF7C-AEB1152C7A4B}.Release|Any CPU.Build.0 = Release|Any CPU
	EndGlobalSection
	GlobalSection(SolutionProperties) = preSolution
		HideSolutionNode = FALSE
	EndGlobalSection
	GlobalSection(ExtensibilityGlobals) = postSolution
		SolutionGuid = {627B655B-68C5-4F86-9B44-63150B48CAC6}
	EndGlobalSection
EndGlobal
